schema: '2.0'
stages:
  load_data:
    cmd: python src/load_data.py --config=params.yaml
    deps:
    - path: data_given/winequality.csv
      md5: ccc8d3507eb151f53f760d36abdef888
      size: 91998
    - path: src/get_data.py
      md5: ef53f044f7c9cf7a3c36dfb92917eb9d
      size: 612
    - path: src/load_data.py
      md5: aab206fcbbb17e55538e96ae85bf14f3
      size: 583
    outs:
    - path: data/raw/winequality.csv
      md5: dcb9f7736a81b73cf4cf803b5ef3f07e
      size: 102550
